// !$*UTF8*$!
{
	archiveVersion = 1;
	classes = {
	};
	objectVersion = 46;
	objects = {

/* Begin PBXBuildFile section */
		54F3ABF91E15E06800EEABDF /* AppDelegate.swift in Sources */ = {isa = PBXBuildFile; fileRef = 54F3ABF81E15E06800EEABDF /* AppDelegate.swift */; };
		54F3ABFB1E15E06800EEABDF /* ViewController.swift in Sources */ = {isa = PBXBuildFile; fileRef = 54F3ABFA1E15E06800EEABDF /* ViewController.swift */; };
		54F3ABFE1E15E06800EEABDF /* Main.storyboard in Resources */ = {isa = PBXBuildFile; fileRef = 54F3ABFC1E15E06800EEABDF /* Main.storyboard */; };
		54F3AC001E15E06800EEABDF /* Assets.xcassets in Resources */ = {isa = PBXBuildFile; fileRef = 54F3ABFF1E15E06800EEABDF /* Assets.xcassets */; };
		54F3AC031E15E06800EEABDF /* LaunchScreen.storyboard in Resources */ = {isa = PBXBuildFile; fileRef = 54F3AC011E15E06800EEABDF /* LaunchScreen.storyboard */; };
		54F3AC0E1E15E06800EEABDF /* TipCalTests.swift in Sources */ = {isa = PBXBuildFile; fileRef = 54F3AC0D1E15E06800EEABDF /* TipCalTests.swift */; };
		54F3AC191E15E06800EEABDF /* TipCalUITests.swift in Sources */ = {isa = PBXBuildFile; fileRef = 54F3AC181E15E06800EEABDF /* TipCalUITests.swift */; };
/* End PBXBuildFile section */

/* Begin PBXContainerItemProxy section */
		54F3AC0A1E15E06800EEABDF /* PBXContainerItemProxy */ = {
			isa = PBXContainerItemProxy;
			containerPortal = 54F3ABED1E15E06800EEABDF /* Project object */;
			proxyType = 1;
			remoteGlobalIDString = 54F3ABF41E15E06800EEABDF;
			remoteInfo = TipCal;
		};
		54F3AC151E15E06800EEABDF /* PBXContainerItemProxy */ = {
			isa = PBXContainerItemProxy;
			containerPortal = 54F3ABED1E15E06800EEABDF /* Project object */;
			proxyType = 1;
			remoteGlobalIDString = 54F3ABF41E15E06800EEABDF;
			remoteInfo = TipCal;
		};
/* End PBXContainerItemProxy section */

/* Begin PBXFileReference section */
		54F3ABF51E15E06800EEABDF /* TipCal.app */ = {isa = PBXFileReference; explicitFileType = wrapper.application; includeInIndex = 0; path = TipCal.app; sourceTree = BUILT_PRODUCTS_DIR; };
		54F3ABF81E15E06800EEABDF /* AppDelegate.swift */ = {isa = PBXFileReference; lastKnownFileType = sourcecode.swift; path = AppDelegate.swift; sourceTree = "<group>"; };
		54F3ABFA1E15E06800EEABDF /* ViewController.swift */ = {isa = PBXFileReference; lastKnownFileType = sourcecode.swift; path = ViewController.swift; sourceTree = "<group>"; };
		54F3ABFD1E15E06800EEABDF /* Base */ = {isa = PBXFileReference; lastKnownFileType = file.storyboard; name = Base; path = Base.lproj/Main.storyboard; sourceTree = "<group>"; };
		54F3ABFF1E15E06800EEABDF /* Assets.xcassets */ = {isa = PBXFileReference; lastKnownFileType = folder.assetcatalog; path = Assets.xcassets; sourceTree = "<group>"; };
		54F3AC021E15E06800EEABDF /* Base */ = {isa = PBXFileReference; lastKnownFileType = file.storyboard; name = Base; path = Base.lproj/LaunchScreen.storyboard; sourceTree = "<group>"; };
		54F3AC041E15E06800EEABDF /* Info.plist */ = {isa = PBXFileReference; lastKnownFileType = text.plist.xml; path = Info.plist; sourceTree = "<group>"; };
		54F3AC091E15E06800EEABDF /* TipCalTests.xctest */ = {isa = PBXFileReference; explicitFileType = wrapper.cfbundle; includeInIndex = 0; path = TipCalTests.xctest; sourceTree = BUILT_PRODUCTS_DIR; };
		54F3AC0D1E15E06800EEABDF /* TipCalTests.swift */ = {isa = PBXFileReference; lastKnownFileType = sourcecode.swift; path = TipCalTests.swift; sourceTree = "<group>"; };
		54F3AC0F1E15E06800EEABDF /* Info.plist */ = {isa = PBXFileReference; lastKnownFileType = text.plist.xml; path = Info.plist; sourceTree = "<group>"; };
		54F3AC141E15E06800EEABDF /* TipCalUITests.xctest */ = {isa = PBXFileReference; explicitFileType = wrapper.cfbundle; includeInIndex = 0; path = TipCalUITests.xctest; sourceTree = BUILT_PRODUCTS_DIR; };
		54F3AC181E15E06800EEABDF /* TipCalUITests.swift */ = {isa = PBXFileReference; lastKnownFileType = sourcecode.swift; path = TipCalUITests.swift; sourceTree = "<group>"; };
		54F3AC1A1E15E06800EEABDF /* Info.plist */ = {isa = PBXFileReference; lastKnownFileType = text.plist.xml; path = Info.plist; sourceTree = "<group>"; };
/* End PBXFileReference section */

/* Begin PBXFrameworksBuildPhase section */
		54F3ABF21E15E06800EEABDF /* Frameworks */ = {
			isa = PBXFrameworksBuildPhase;
			buildActionMask = 2147483647;
			files = (
			);
			runOnlyForDeploymentPostprocessing = 0;
		};
		54F3AC061E15E06800EEABDF /* Frameworks */ = {
			isa = PBXFrameworksBuildPhase;
			buildActionMask = 2147483647;
			files = (
			);
			runOnlyForDeploymentPostprocessing = 0;
		};
		54F3AC111E15E06800EEABDF /* Frameworks */ = {
			isa = PBXFrameworksBuildPhase;
			buildActionMask = 2147483647;
			files = (
			);
			runOnlyForDeploymentPostprocessing = 0;
		};
/* End PBXFrameworksBuildPhase section */

/* Begin PBXGroup section */
		54F3ABEC1E15E06800EEABDF = {
			isa = PBXGroup;
			children = (
				54F3ABF71E15E06800EEABDF /* TipCal */,
				54F3AC0C1E15E06800EEABDF /* TipCalTests */,
				54F3AC171E15E06800EEABDF /* TipCalUITests */,
				54F3ABF61E15E06800EEABDF /* Products */,
			);
			sourceTree = "<group>";
		};
		54F3ABF61E15E06800EEABDF /* Products */ = {
			isa = PBXGroup;
			children = (
				54F3ABF51E15E06800EEABDF /* TipCal.app */,
				54F3AC091E15E06800EEABDF /* TipCalTests.xctest */,
				54F3AC141E15E06800EEABDF /* TipCalUITests.xctest */,
			);
			name = Products;
			sourceTree = "<group>";
		};
		54F3ABF71E15E06800EEABDF /* TipCal */ = {
			isa = PBXGroup;
			children = (
				54F3ABF81E15E06800EEABDF /* AppDelegate.swift */,
				54F3ABFA1E15E06800EEABDF /* ViewController.swift */,
				54F3ABFC1E15E06800EEABDF /* Main.storyboard */,
				54F3ABFF1E15E06800EEABDF /* Assets.xcassets */,
				54F3AC011E15E06800EEABDF /* LaunchScreen.storyboard */,
				54F3AC041E15E06800EEABDF /* Info.plist */,
			);
			path = TipCal;
			sourceTree = "<group>";
		};
		54F3AC0C1E15E06800EEABDF /* TipCalTests */ = {
			isa = PBXGroup;
			children = (
				54F3AC0D1E15E06800EEABDF /* TipCalTests.swift */,
				54F3AC0F1E15E06800EEABDF /* Info.plist */,
			);
			path = TipCalTests;
			sourceTree = "<group>";
		};
		54F3AC171E15E06800EEABDF /* TipCalUITests */ = {
			isa = PBXGroup;
			children = (
				54F3AC181E15E06800EEABDF /* TipCalUITests.swift */,
				54F3AC1A1E15E06800EEABDF /* Info.plist */,
			);
			path = TipCalUITests;
			sourceTree = "<group>";
		};
/* End PBXGroup section */

/* Begin PBXNativeTarget section */
		54F3ABF41E15E06800EEABDF /* TipCal */ = {
			isa = PBXNativeTarget;
			buildConfigurationList = 54F3AC1D1E15E06800EEABDF /* Build configuration list for PBXNativeTarget "TipCal" */;
			buildPhases = (
				54F3ABF11E15E06800EEABDF /* Sources */,
				54F3ABF21E15E06800EEABDF /* Frameworks */,
				54F3ABF31E15E06800EEABDF /* Resources */,
			);
			buildRules = (
			);
			dependencies = (
			);
			name = TipCal;
			productName = TipCal;
			productReference = 54F3ABF51E15E06800EEABDF /* TipCal.app */;
			productType = "com.apple.product-type.application";
		};
		54F3AC081E15E06800EEABDF /* TipCalTests */ = {
			isa = PBXNativeTarget;
			buildConfigurationList = 54F3AC201E15E06800EEABDF /* Build configuration list for PBXNativeTarget "TipCalTests" */;
			buildPhases = (
				54F3AC051E15E06800EEABDF /* Sources */,
				54F3AC061E15E06800EEABDF /* Frameworks */,
				54F3AC071E15E06800EEABDF /* Resources */,
			);
			buildRules = (
			);
			dependencies = (
				54F3AC0B1E15E06800EEABDF /* PBXTargetDependency */,
			);
			name = TipCalTests;
			productName = TipCalTests;
			productReference = 54F3AC091E15E06800EEABDF /* TipCalTests.xctest */;
			productType = "com.apple.product-type.bundle.unit-test";
		};
		54F3AC131E15E06800EEABDF /* TipCalUITests */ = {
			isa = PBXNativeTarget;
			buildConfigurationList = 54F3AC231E15E06800EEABDF /* Build configuration list for PBXNativeTarget "TipCalUITests" */;
			buildPhases = (
				54F3AC101E15E06800EEABDF /* Sources */,
				54F3AC111E15E06800EEABDF /* Frameworks */,
				54F3AC121E15E06800EEABDF /* Resources */,
			);
			buildRules = (
			);
			dependencies = (
				54F3AC161E15E06800EEABDF /* PBXTargetDependency */,
			);
			name = TipCalUITests;
			productName = TipCalUITests;
			productReference = 54F3AC141E15E06800EEABDF /* TipCalUITests.xctest */;
			productType = "com.apple.product-type.bundle.ui-testing";
		};
/* End PBXNativeTarget section */

/* Begin PBXProject section */
		54F3ABED1E15E06800EEABDF /* Project object */ = {
			isa = PBXProject;
			attributes = {
				LastSwiftUpdateCheck = 0820;
				LastUpgradeCheck = 0820;
				ORGANIZATIONNAME = XXKaren;
				TargetAttributes = {
					54F3ABF41E15E06800EEABDF = {
						CreatedOnToolsVersion = 8.2.1;
						ProvisioningStyle = Automatic;
					};
					54F3AC081E15E06800EEABDF = {
						CreatedOnToolsVersion = 8.2.1;
						ProvisioningStyle = Automatic;
						TestTargetID = 54F3ABF41E15E06800EEABDF;
					};
					54F3AC131E15E06800EEABDF = {
						CreatedOnToolsVersion = 8.2.1;
						ProvisioningStyle = Automatic;
						TestTargetID = 54F3ABF41E15E06800EEABDF;
					};
				};
			};
			buildConfigurationList = 54F3ABF01E15E06800EEABDF /* Build configuration list for PBXProject "TipCal" */;
			compatibilityVersion = "Xcode 3.2";
			developmentRegion = English;
			hasScannedForEncodings = 0;
			knownRegions = (
				en,
				Base,
			);
			mainGroup = 54F3ABEC1E15E06800EEABDF;
			productRefGroup = 54F3ABF61E15E06800EEABDF /* Products */;
			projectDirPath = "";
			projectRoot = "";
			targets = (
				54F3ABF41E15E06800EEABDF /* TipCal */,
				54F3AC081E15E06800EEABDF /* TipCalTests */,
				54F3AC131E15E06800EEABDF /* TipCalUITests */,
			);
		};
/* End PBXProject section */

/* Begin PBXResourcesBuildPhase section */
		54F3ABF31E15E06800EEABDF /* Resources */ = {
			isa = PBXResourcesBuildPhase;
			buildActionMask = 2147483647;
			files = (
				54F3AC031E15E06800EEABDF /* LaunchScreen.storyboard in Resources */,
				54F3AC001E15E06800EEABDF /* Assets.xcassets in Resources */,
				54F3ABFE1E15E06800EEABDF /* Main.storyboard in Resources */,
			);
			runOnlyForDeploymentPostprocessing = 0;
		};
		54F3AC071E15E06800EEABDF /* Resources */ = {
			isa = PBXResourcesBuildPhase;
			buildActionMask = 2147483647;
			files = (
			);
			runOnlyForDeploymentPostprocessing = 0;
		};
		54F3AC121E15E06800EEABDF /* Resources */ = {
			isa = PBXResourcesBuildPhase;
			buildActionMask = 2147483647;
			files = (
			);
			runOnlyForDeploymentPostprocessing = 0;
		};
/* End PBXResourcesBuildPhase section */

/* Begin PBXSourcesBuildPhase section */
		54F3ABF11E15E06800EEABDF /* Sources */ = {
			isa = PBXSourcesBuildPhase;
			buildActionMask = 2147483647;
			files = (
				54F3ABFB1E15E06800EEABDF /* ViewController.swift in Sources */,
				54F3ABF91E15E06800EEABDF /* AppDelegate.swift in Sources */,
			);
			runOnlyForDeploymentPostprocessing = 0;
		};
		54F3AC051E15E06800EEABDF /* Sources */ = {
			isa = PBXSourcesBuildPhase;
			buildActionMask = 2147483647;
			files = (
				54F3AC0E1E15E06800EEABDF /* TipCalTests.swift in Sources */,
			);
			runOnlyForDeploymentPostprocessing = 0;
		};
		54F3AC101E15E06800EEABDF /* Sources */ = {
			isa = PBXSourcesBuildPhase;
			buildActionMask = 2147483647;
			files = (
				54F3AC191E15E06800EEABDF /* TipCalUITests.swift in Sources */,
			);
			runOnlyForDeploymentPostprocessing = 0;
		};
/* End PBXSourcesBuildPhase section */

/* Begin PBXTargetDependency section */
		54F3AC0B1E15E06800EEABDF /* PBXTargetDependency */ = {
			isa = PBXTargetDependency;
			target = 54F3ABF41E15E06800EEABDF /* TipCal */;
			targetProxy = 54F3AC0A1E15E06800EEABDF /* PBXContainerItemProxy */;
		};
		54F3AC161E15E06800EEABDF /* PBXTargetDependency */ = {
			isa = PBXTargetDependency;
			target = 54F3ABF41E15E06800EEABDF /* TipCal */;
			targetProxy = 54F3AC151E15E06800EEABDF /* PBXContainerItemProxy */;
		};
/* End PBXTargetDependency section */

/* Begin PBXVariantGroup section */
		54F3ABFC1E15E06800EEABDF /* Main.storyboard */ = {
			isa = PBXVariantGroup;
			children = (
				54F3ABFD1E15E06800EEABDF /* Base */,
			);
			name = Main.storyboard;
			sourceTree = "<group>";
		};
		54F3AC011E15E06800EEABDF /* LaunchScreen.storyboard */ = {
			isa = PBXVariantGroup;
			children = (
				54F3AC021E15E06800EEABDF /* Base */,
			);
			name = LaunchScreen.storyboard;
			sourceTree = "<group>";
		};
/* End PBXVariantGroup section */

/* Begin XCBuildConfiguration section */
		54F3AC1B1E15E06800EEABDF /* Debug */ = {
			isa = XCBuildConfiguration;
			buildSettings = {
				ALWAYS_SEARCH_USER_PATHS = NO;
				CLANG_ANALYZER_NONNULL = YES;
				CLANG_CXX_LANGUAGE_STANDARD = "gnu++0x";
				CLANG_CXX_LIBRARY = "libc++";
				CLANG_ENABLE_MODULES = YES;
				CLANG_ENABLE_OBJC_ARC = YES;
				CLANG_WARN_BOOL_CONVERSION = YES;
				CLANG_WARN_CONSTANT_CONVERSION = YES;
				CLANG_WARN_DIRECT_OBJC_ISA_USAGE = YES_ERROR;
				CLANG_WARN_DOCUMENTATION_COMMENTS = YES;
				CLANG_WARN_EMPTY_BODY = YES;
				CLANG_WARN_ENUM_CONVERSION = YES;
				CLANG_WARN_INFINITE_RECURSION = YES;
				CLANG_WARN_INT_CONVERSION = YES;
				CLANG_WARN_OBJC_ROOT_CLASS = YES_ERROR;
				CLANG_WARN_SUSPICIOUS_MOVE = YES;
				CLANG_WARN_UNREACHABLE_CODE = YES;
				CLANG_WARN__DUPLICATE_METHOD_MATCH = YES;
				"CODE_SIGN_IDENTITY[sdk=iphoneos*]" = "iPhone Developer";
				COPY_PHASE_STRIP = NO;
				DEBUG_INFORMATION_FORMAT = dwarf;
				ENABLE_STRICT_OBJC_MSGSEND = YES;
				ENABLE_TESTABILITY = YES;
				GCC_C_LANGUAGE_STANDARD = gnu99;
				GCC_DYNAMIC_NO_PIC = NO;
				GCC_NO_COMMON_BLOCKS = YES;
				GCC_OPTIMIZATION_LEVEL = 0;
				GCC_PREPROCESSOR_DEFINITIONS = (
					"DEBUG=1",
					"$(inherited)",
				);
				GCC_WARN_64_TO_32_BIT_CONVERSION = YES;
				GCC_WARN_ABOUT_RETURN_TYPE = YES_ERROR;
				GCC_WARN_UNDECLARED_SELECTOR = YES;
				GCC_WARN_UNINITIALIZED_AUTOS = YES_AGGRESSIVE;
				GCC_WARN_UNUSED_FUNCTION = YES;
				GCC_WARN_UNUSED_VARIABLE = YES;
				IPHONEOS_DEPLOYMENT_TARGET = 10.2;
				MTL_ENABLE_DEBUG_INFO = YES;
				ONLY_ACTIVE_ARCH = YES;
				SDKROOT = iphoneos;
				SWIFT_ACTIVE_COMPILATION_CONDITIONS = DEBUG;
				SWIFT_OPTIMIZATION_LEVEL = "-Onone";
				TARGETED_DEVICE_FAMILY = "1,2";
			};
			name = Debug;
		};
		54F3AC1C1E15E06800EEABDF /* Release */ = {
			isa = XCBuildConfiguration;
			buildSettings = {
				ALWAYS_SEARCH_USER_PATHS = NO;
				CLANG_ANALYZER_NONNULL = YES;
				CLANG_CXX_LANGUAGE_STANDARD = "gnu++0x";
				CLANG_CXX_LIBRARY = "libc++";
				CLANG_ENABLE_MODULES = YES;
				CLANG_ENABLE_OBJC_ARC = YES;
				CLANG_WARN_BOOL_CONVERSION = YES;
				CLANG_WARN_CONSTANT_CONVERSION = YES;
				CLANG_WARN_DIRECT_OBJC_ISA_USAGE = YES_ERROR;
				CLANG_WARN_DOCUMENTATION_COMMENTS = YES;
				CLANG_WARN_EMPTY_BODY = YES;
				CLANG_WARN_ENUM_CONVERSION = YES;
				CLANG_WARN_INFINITE_RECURSION = YES;
				CLANG_WARN_INT_CONVERSION = YES;
				CLANG_WARN_OBJC_ROOT_CLASS = YES_ERROR;
				CLANG_WARN_SUSPICIOUS_MOVE = YES;
				CLANG_WARN_UNREACHABLE_CODE = YES;
				CLANG_WARN__DUPLICATE_METHOD_MATCH = YES;
				"CODE_SIGN_IDENTITY[sdk=iphoneos*]" = "iPhone Developer";
				COPY_PHASE_STRIP = NO;
				DEBUG_INFORMATION_FORMAT = "dwarf-with-dsym";
				ENABLE_NS_ASSERTIONS = NO;
				ENABLE_STRICT_OBJC_MSGSEND = YES;
				GCC_C_LANGUAGE_STANDARD = gnu99;
				GCC_NO_COMMON_BLOCKS = YES;
				GCC_WARN_64_TO_32_BIT_CONVERSION = YES;
				GCC_WARN_ABOUT_RETURN_TYPE = YES_ERROR;
				GCC_WARN_UNDECLARED_SELECTOR = YES;
				GCC_WARN_UNINITIALIZED_AUTOS = YES_AGGRESSIVE;
				GCC_WARN_UNUSED_FUNCTION = YES;
				GCC_WARN_UNUSED_VARIABLE = YES;
				IPHONEOS_DEPLOYMENT_TARGET = 10.2;
				MTL_ENABLE_DEBUG_INFO = NO;
				SDKROOT = iphoneos;
				SWIFT_OPTIMIZATION_LEVEL = "-Owholemodule";
				TARGETED_DEVICE_FAMILY = "1,2";
				VALIDATE_PRODUCT = YES;
			};
			name = Release;
		};
		54F3AC1E1E15E06800EEABDF /* Debug */ = {
			isa = XCBuildConfiguration;
			buildSettings = {
				ASSETCATALOG_COMPILER_APPICON_NAME = AppIcon;
				INFOPLIST_FILE = TipCal/Info.plist;
				LD_RUNPATH_SEARCH_PATHS = "$(inherited) @executable_path/Frameworks";
				PRODUCT_BUNDLE_IDENTIFIER = com.xxkaren.TipCal;
				PRODUCT_NAME = "$(TARGET_NAME)";
				SWIFT_VERSION = 3.0;
			};
			name = Debug;
		};
		54F3AC1F1E15E06800EEABDF /* Release */ = {
			isa = XCBuildConfiguration;
			buildSettings = {
				ASSETCATALOG_COMPILER_APPICON_NAME = AppIcon;
				INFOPLIST_FILE = TipCal/Info.plist;
				LD_RUNPATH_SEARCH_PATHS = "$(inherited) @executable_path/Frameworks";
				PRODUCT_BUNDLE_IDENTIFIER = com.xxkaren.TipCal;
				PRODUCT_NAME = "$(TARGET_NAME)";
				SWIFT_VERSION = 3.0;
			};
			name = Release;
		};
		54F3AC211E15E06800EEABDF /* Debug */ = {
			isa = XCBuildConfiguration;
			buildSettings = {
				ALWAYS_EMBED_SWIFT_STANDARD_LIBRARIES = YES;
				BUNDLE_LOADER = "$(TEST_HOST)";
				INFOPLIST_FILE = TipCalTests/Info.plist;
				LD_RUNPATH_SEARCH_PATHS = "$(inherited) @executable_path/Frameworks @loader_path/Frameworks";
				PRODUCT_BUNDLE_IDENTIFIER = com.xxkaren.TipCalTests;
				PRODUCT_NAME = "$(TARGET_NAME)";
				SWIFT_VERSION = 3.0;
				TEST_HOST = "$(BUILT_PRODUCTS_DIR)/TipCal.app/TipCal";
			};
			name = Debug;
		};
		54F3AC221E15E06800EEABDF /* Release */ = {
			isa = XCBuildConfiguration;
			buildSettings = {
				ALWAYS_EMBED_SWIFT_STANDARD_LIBRARIES = YES;
				BUNDLE_LOADER = "$(TEST_HOST)";
				INFOPLIST_FILE = TipCalTests/Info.plist;
				LD_RUNPATH_SEARCH_PATHS = "$(inherited) @executable_path/Frameworks @loader_path/Frameworks";
				PRODUCT_BUNDLE_IDENTIFIER = com.xxkaren.TipCalTests;
				PRODUCT_NAME = "$(TARGET_NAME)";
				SWIFT_VERSION = 3.0;
				TEST_HOST = "$(BUILT_PRODUCTS_DIR)/TipCal.app/TipCal";
			};
			name = Release;
		};
		54F3AC241E15E06800EEABDF /* Debug */ = {
			isa = XCBuildConfiguration;
			buildSettings = {
				ALWAYS_EMBED_SWIFT_STANDARD_LIBRARIES = YES;
				INFOPLIST_FILE = TipCalUITests/Info.plist;
				LD_RUNPATH_SEARCH_PATHS = "$(inherited) @executable_path/Frameworks @loader_path/Frameworks";
				PRODUCT_BUNDLE_IDENTIFIER = com.xxkaren.TipCalUITests;
				PRODUCT_NAME = "$(TARGET_NAME)";
				SWIFT_VERSION = 3.0;
				TEST_TARGET_NAME = TipCal;
			};
			name = Debug;
		};
		54F3AC251E15E06800EEABDF /* Release */ = {
			isa = XCBuildConfiguration;
			buildSettings = {
				ALWAYS_EMBED_SWIFT_STANDARD_LIBRARIES = YES;
				INFOPLIST_FILE = TipCalUITests/Info.plist;
				LD_RUNPATH_SEARCH_PATHS = "$(inherited) @executable_path/Frameworks @loader_path/Frameworks";
				PRODUCT_BUNDLE_IDENTIFIER = com.xxkaren.TipCalUITests;
				PRODUCT_NAME = "$(TARGET_NAME)";
				SWIFT_VERSION = 3.0;
				TEST_TARGET_NAME = TipCal;
			};
			name = Release;
		};
/* End XCBuildConfiguration section */

/* Begin XCConfigurationList section */
		54F3ABF01E15E06800EEABDF /* Build configuration list for PBXProject "TipCal" */ = {
			isa = XCConfigurationList;
			buildConfigurations = (
				54F3AC1B1E15E06800EEABDF /* Debug */,
				54F3AC1C1E15E06800EEABDF /* Release */,
			);
			defaultConfigurationIsVisible = 0;
			defaultConfigurationName = Release;
		};
		54F3AC1D1E15E06800EEABDF /* Build configuration list for PBXNativeTarget "TipCal" */ = {
			isa = XCConfigurationList;
			buildConfigurations = (
				54F3AC1E1E15E06800EEABDF /* Debug */,
				54F3AC1F1E15E06800EEABDF /* Release */,
			);
			defaultConfigurationIsVisible = 0;
			defaultConfigurationName = Release;
		};
		54F3AC201E15E06800EEABDF /* Build configuration list for PBXNativeTarget "TipCalTests" */ = {
			isa = XCConfigurationList;
			buildConfigurations = (
				54F3AC211E15E06800EEABDF /* Debug */,
				54F3AC221E15E06800EEABDF /* Release */,
			);
			defaultConfigurationIsVisible = 0;
			defaultConfigurationName = Release;
		};
		54F3AC231E15E06800EEABDF /* Build configuration list for PBXNativeTarget "TipCalUITests" */ = {
			isa = XCConfigurationList;
			buildConfigurations = (
				54F3AC241E15E06800EEABDF /* Debug */,
				54F3AC251E15E06800EEABDF /* Release */,
			);
			defaultConfigurationIsVisible = 0;
			defaultConfigurationName = Release;
		};
/* End XCConfigurationList section */
	};
	rootObject = 54F3ABED1E15E06800EEABDF /* Project object */;
}
